
Microsoft Visual Studio Solution File, Format Version 12.00
# Visual Studio Version 16
VisualStudioVersion = 16.0.30011.22
MinimumVisualStudioVersion = 10.0.40219.1
Project("{FAE04EC0-301F-11D3-BF4B-00C04F79EFBC}") = "TimeBank", "TimeBank\TimeBank.csproj", "{57FE2676-D184-4920-9C26-49415260AAC6}"
EndProject
Global
	GlobalSection(SolutionConfigurationPlatforms) = preSolution
		Debug|Any CPU = Debug|Any CPU
		Release|Any CPU = Release|Any CPU
	EndGlobalSection
	GlobalSection(ProjectConfigurationPlatforms) = postSolution
		{57FE2676-D184-4920-9C26-49415260AAC6}.Debug|Any CPU.ActiveCfg = Debug|Any CPU
		{57FE2676-D184-4920-9C26-49415260AAC6}.Debug|Any CPU.Build.0 = Debug|Any CPU
		{57FE2676-D184-4920-9C26-49415260AAC6}.Release|Any CPU.ActiveCfg = Release|Any CPU
		{57FE2676-D184-4920-9C26-49415260AAC6}.Release|Any CPU.Build.0 = Release|Any CPU
	EndGlobalSection
	GlobalSection(SolutionProperties) = preSolution
		HideSolutionNode = FALSE
	EndGlobalSection
	GlobalSection(ExtensibilityGlobals) = postSolution
		SolutionGuid = {E0F1F0F2-343E-4590-8E3E-373E4946529A}
	EndGlobalSection
EndGlobal
